
Microsoft Visual Studio Solution File, Format Version 12.00
# Visual Studio Version 17
VisualStudioVersion = 17.1.32421.90
MinimumVisualStudioVersion = 10.0.40219.1
Project("{FAE04EC0-301F-11D3-BF4B-00C04F79EFBC}") = "constructor.io", "constructor.io\constructor.io.csproj", "{2730DFD3-3AEB-44E6-A341-699665B8F68C}"
EndProject
Project("{FAE04EC0-301F-11D3-BF4B-00C04F79EFBC}") = "Constructorio_NET.Tests", "Constructorio_NET.Tests\Constructorio_NET.Tests.csproj", "{9CF1BB83-2989-41C7-ABD2-8A3CF487DC5B}"
EndProject
Global
	GlobalSection(SolutionConfigurationPlatforms) = preSolution
		Debug|Any CPU = Debug|Any CPU
		Release|Any CPU = Release|Any CPU
	EndGlobalSection
	GlobalSection(ProjectConfigurationPlatforms) = postSolution
		{2730DFD3-3AEB-44E6-A341-699665B8F68C}.Debug|Any CPU.ActiveCfg = Debug|Any CPU
		{2730DFD3-3AEB-44E6-A341-699665B8F68C}.Debug|Any CPU.Build.0 = Debug|Any CPU
		{2730DFD3-3AEB-44E6-A341-699665B8F68C}.Release|Any CPU.ActiveCfg = Release|Any CPU
		{2730DFD3-3AEB-44E6-A341-699665B8F68C}.Release|Any CPU.Build.0 = Release|Any CPU
		{9CF1BB83-2989-41C7-ABD2-8A3CF487DC5B}.Debug|Any CPU.ActiveCfg = Debug|Any CPU
		{9CF1BB83-2989-41C7-ABD2-8A3CF487DC5B}.Debug|Any CPU.Build.0 = Debug|Any CPU
		{9CF1BB83-2989-41C7-ABD2-8A3CF487DC5B}.Release|Any CPU.ActiveCfg = Release|Any CPU
		{9CF1BB83-2989-41C7-ABD2-8A3CF487DC5B}.Release|Any CPU.Build.0 = Release|Any CPU
	EndGlobalSection
	GlobalSection(SolutionProperties) = preSolution
		HideSolutionNode = FALSE
	EndGlobalSection
	GlobalSection(ExtensibilityGlobals) = postSolution
		SolutionGuid = {7440BB3A-3DE3-4173-AEA7-A49DFF79E40F}
	EndGlobalSection
	GlobalSection(MonoDevelopProperties) = preSolution
		Policies = $0
		$0.DotNetNamingPolicy = $1
		$1.DirectoryNamespaceAssociation = PrefixedHierarchical
		$0.TextStylePolicy = $2
		$2.inheritsSet = null
		$2.scope = text/x-csharp
		$0.CSharpFormattingPolicy = $3
		$3.scope = text/x-csharp
		$0.TextStylePolicy = $4
		$4.FileWidth = 80
		$4.TabsToSpaces = True
		$4.scope = text/plain
		$0.TextStylePolicy = $5
		$5.inheritsSet = null
		$5.scope = text/csv
		$0.StandardHeader = $6
		version = 2.4.2
	EndGlobalSection
EndGlobal
